{
<<<<<<< HEAD
  "name": "miniprogram-3",
=======
  "name": "mine",
>>>>>>> dc40d99 (Initial Commit)
  "version": "1.0.0",
  "lockfileVersion": 3,
  "requires": true,
  "packages": {
    "": {
<<<<<<< HEAD
      "name": "miniprogram-3",
=======
      "name": "mine",
>>>>>>> dc40d99 (Initial Commit)
      "version": "1.0.0",
      "license": "ISC",
      "dependencies": {
        "@cloudbase/wx-cloud-client-sdk": "^1.2.1",
<<<<<<< HEAD
        "vant-weapp": "^0.5.29"
      },
      "devDependencies": {}
    },
    "node_modules/@cloudbase/wx-cloud-client-sdk": {
      "version": "1.2.1",
      "resolved": "https://registry.npmjs.org/@cloudbase/wx-cloud-client-sdk/-/wx-cloud-client-sdk-1.2.1.tgz",
      "integrity": "sha512-cpV9+xiY6O/7nli+JUu5el0BpV44GEQN2msrHSupc5DEMIdfr78PbZFD/heiq8EpngLGLZiyCsOAfBrGHBtEtA=="
    },
    "node_modules/vant-weapp": {
      "version": "0.5.29",
      "resolved": "https://registry.npmjs.org/vant-weapp/-/vant-weapp-0.5.29.tgz",
      "integrity": "sha512-RMc0Ga914XFwspw2WuOMU8bOHlIkua8X1DoQ/KPnGQzjwT1uEL4S7W186EmaHF1wN2krB9BVd0LdRRt39dGh6Q==",
=======
        "regenerator-runtime": "^0.14.1"
      }
    },
    "node_modules/@cloudbase/wx-cloud-client-sdk": {
      "version": "1.2.1",
      "resolved": "https://mirrors.cloud.tencent.com/npm/@cloudbase/wx-cloud-client-sdk/-/wx-cloud-client-sdk-1.2.1.tgz",
      "integrity": "sha512-cpV9+xiY6O/7nli+JUu5el0BpV44GEQN2msrHSupc5DEMIdfr78PbZFD/heiq8EpngLGLZiyCsOAfBrGHBtEtA=="
    },
    "node_modules/regenerator-runtime": {
      "version": "0.14.1",
      "resolved": "https://mirrors.cloud.tencent.com/npm/regenerator-runtime/-/regenerator-runtime-0.14.1.tgz",
      "integrity": "sha512-dYnhHh0nJoMfnkZs6GmmhFknAGRrLznOu5nc9ML+EJxGvrx6H7teuevqVqCuPcPK//3eDrrjQhehXVx9cnkGdw==",
>>>>>>> dc40d99 (Initial Commit)
      "license": "MIT"
    }
  }
}
